lockfileVersion: 5.4

overrides:
  react: ^18.2.0
  react-dom: ^18.2.0

importers:

  .:
    specifiers:
      turbo: ^1.4.7
    devDependencies:
      turbo: 1.4.7

packages:

  /turbo-android-arm64/1.4.7:
    resolution: {integrity: sha512-BtWtH8e8w1GhtYpGQmkcDS/AUzVZhQ4ZZN+qtUFei1wZD7VAdtJ9Wcsfi3WD+mXA6vtpIpRJVfQMcShr8l8ErA==}
    cpu: [arm64]
    os: [android]
    requiresBuild: true
    dev: true
    optional: true

  /turbo-darwin-64/1.4.7:
    resolution: {integrity: sha512-bMvZaAz5diec9feZ0XpQosYI8U0kiOQM2tj2sv0Y2WZbe227wodVMCQMyUowmcotO8nr6NF76Xo5E+H+dnY6LQ==}
    cpu: [x64]
    os: [darwin]
    requiresBuild: true
    dev: true
    optional: true

  /turbo-darwin-arm64/1.4.7:
    resolution: {integrity: sha512-AyfxYfKgh1EigQKjypbnDoMLuy4e/n/go+KYiWKKIpOaWXWLBokrBWzYN/aI3NMDRUJWK5ExdlWI9Nleelq8uQ==}
    cpu: [arm64]
    os: [darwin]
    requiresBuild: true
    dev: true
    optional: true

  /turbo-freebsd-64/1.4.7:
    resolution: {integrity: sha512-T5/osfbCh0rL53MFS5byFFfsR3vPMHIKIJ4fMMCNkoHsmFj2R0Pv53nqhEItogt0FJwCDHPyt7oBqO83H/AWQQ==}
    cpu: [x64]
    os: [freebsd]
    requiresBuild: true
    dev: true
    optional: true

  /turbo-freebsd-arm64/1.4.7:
    resolution: {integrity: sha512-PL+SaO78AUCas+YKj01UiS2rpmGcxz8XPmLdFWmq6PYjPX6GL5UBAc3pkBphIm0aTLZtsikoEul+JrwAuAy6UA==}
    cpu: [arm64]
    os: [freebsd]
    requiresBuild: true
    dev: true
    optional: true

  /turbo-linux-32/1.4.7:
    resolution: {integrity: sha512-dK94UwDzySMALoQtjBVVPbWJZP6xw3yHGuytM3q5p4kfMZPSA+rgNBn5T5Af2Rc7jxlLAsu5ODJ0SgIbWSF5Hg==}
    cpu: [ia32]
    os: [linux]
    requiresBuild: true
    dev: true
    optional: true

  /turbo-linux-64/1.4.7:
    resolution: {integrity: sha512-F6IM23zgTYo9gYJaNp17gVvQBt0hMIvz52OF91DpPYSLpV2h9OSlzPJ3j5TGaWueS/bc/YCV23+VojXX/MauGQ==}
    cpu: [x64]
    os: [linux]
    requiresBuild: true
    dev: true
    optional: true

  /turbo-linux-arm/1.4.7:
    resolution: {integrity: sha512-FTh4itdMNZ7IxGKknFnQ6iPO9vGGKqyySkCYLR01lnw6BTnKL9KuM9XUCBRyn7dNmHhAnqu1ZtVsBkH7CE7DEw==}
    cpu: [arm]
    os: [linux]
    requiresBuild: true
    dev: true
    optional: true

  /turbo-linux-arm64/1.4.7:
    resolution: {integrity: sha512-kFe5jzj3FoY6jAEwyNEswndj1t/fPl0qyxfcQv6aNPz7Nb2Lh7mY/EEse+CG3ydIo5RZKba7ppQoBSDmHx7JsA==}
    cpu: [arm64]
    os: [linux]
    requiresBuild: true
    dev: true
    optional: true

  /turbo-linux-mips64le/1.4.7:
    resolution: {integrity: sha512-756nG8dnPQVcnl9s70S4NQ43aJjpsnc2h0toktPO+9u2ayv9XTbIPvZLFsS55bDeYhodDGvxoB96W6Xnx01hyQ==}
    cpu: [mipsel]
    os: [linux]
    requiresBuild: true
    dev: true
    optional: true

  /turbo-linux-ppc64le/1.4.7:
    resolution: {integrity: sha512-VS2ofGN/XsafNGJdZ21UguURHb7KRG879yWLj59hO1d+0xXXQbx7ljsmEPOhiE4UjEdx4Ur6P44BhztTgDx9Og==}
    cpu: [ppc64]
    os: [linux]
    requiresBuild: true
    dev: true
    optional: true

  /turbo-windows-32/1.4.7:
    resolution: {integrity: sha512-M5GkZdA0CbJAOcR8SScM63CBV+NtX7qjhoNNOl0F99nGJ+rO3dH71CcM/rbhlz9SQzKQoX8rcuwZHe4r2HZAug==}
    cpu: [ia32]
    os: [win32]
    requiresBuild: true
    dev: true
    optional: true

  /turbo-windows-64/1.4.7:
    resolution: {integrity: sha512-ftZUtZ1BX1vi8MbxKr+a7riIkhwvGnNTtWGprVu+aDJ8PnV+lNqbkrLJGvKP7Cn22hGTfzcjNNPcJ5PBZpQEQw==}
    cpu: [x64]
    os: [win32]
    requiresBuild: true
    dev: true
    optional: true

  /turbo-windows-arm64/1.4.7:
    resolution: {integrity: sha512-mZ79XeJFfaeVKdBV3w0eoGaqAxFnwxrme0jZtSWemAbeDSCF/13wcbLGwtq0+Lu0LxEGweeQ5AqsCIc9t9i6sA==}
    cpu: [arm64]
    os: [win32]
    requiresBuild: true
    dev: true
    optional: true

  /turbo/1.4.7:
    resolution: {integrity: sha512-oIk7PAISPidDOkTM5M+ydEe5GDQ/+TahDgIbaYKeAAy2Qpmur4s0HybSDWHIdxLqI96OPD/mOKymRLrjh3Mdhg==}
    hasBin: true
    requiresBuild: true
    optionalDependencies:
      turbo-android-arm64: 1.4.7
      turbo-darwin-64: 1.4.7
      turbo-darwin-arm64: 1.4.7
      turbo-freebsd-64: 1.4.7
      turbo-freebsd-arm64: 1.4.7
      turbo-linux-32: 1.4.7
      turbo-linux-64: 1.4.7
      turbo-linux-arm: 1.4.7
      turbo-linux-arm64: 1.4.7
      turbo-linux-mips64le: 1.4.7
      turbo-linux-ppc64le: 1.4.7
      turbo-windows-32: 1.4.7
      turbo-windows-64: 1.4.7
      turbo-windows-arm64: 1.4.7
    dev: true
